
Microsoft Visual Studio Solution File, Format Version 12.00
# Visual Studio Version 17
VisualStudioVersion = 17.8.34322.80
MinimumVisualStudioVersion = 10.0.40219.1
Project("{FAE04EC0-301F-11D3-BF4B-00C04F79EFBC}") = "Week15OOPFiles", "Week15OOPFiles\Week15OOPFiles.csproj", "{EBA1F4C7-DCCF-430E-A42B-102BCCCB18FB}"
EndProject
Global
	GlobalSection(SolutionConfigurationPlatforms) = preSolution
		Debug|Any CPU = Debug|Any CPU
		Release|Any CPU = Release|Any CPU
	EndGlobalSection
	GlobalSection(ProjectConfigurationPlatforms) = postSolution
		{EBA1F4C7-DCCF-430E-A42B-102BCCCB18FB}.Debug|Any CPU.ActiveCfg = Debug|Any CPU
		{EBA1F4C7-DCCF-430E-A42B-102BCCCB18FB}.Debug|Any CPU.Build.0 = Debug|Any CPU
		{EBA1F4C7-DCCF-430E-A42B-102BCCCB18FB}.Release|Any CPU.ActiveCfg = Release|Any CPU
		{EBA1F4C7-DCCF-430E-A42B-102BCCCB18FB}.Release|Any CPU.Build.0 = Release|Any CPU
	EndGlobalSection
	GlobalSection(SolutionProperties) = preSolution
		HideSolutionNode = FALSE
	EndGlobalSection
	GlobalSection(ExtensibilityGlobals) = postSolution
		SolutionGuid = {2D60F564-6186-47D3-BEE3-78E488FB901A}
	EndGlobalSection
EndGlobal
